{
  "version": 4,
  "terraform_version": "1.2.6",
  "serial": 6,
  "lineage": "929e5492-abdc-6ee1-184c-4e2810d243c2",
  "outputs": {},
  "resources": [
    {
      "mode": "managed",
      "type": "grid_deployment",
      "name": "botVm",
      "provider": "provider[\"registry.terraform.io/threefoldtech/grid\"]",
      "instances": []
    },
    {
      "mode": "managed",
      "type": "grid_network",
      "name": "myBotAS",
      "provider": "provider[\"registry.terraform.io/threefoldtech/grid\"]",
      "instances": [
        {
          "schema_version": 0,
          "attributes": {
            "access_wg_config": "\n[Interface]\nAddress = 100.64.1.2\nPrivateKey = gOogVVg/3gYg05Uxe88reNkJVLNTY9ziHJ80ctScNFk=\n[Peer]\nPublicKey = DVUbjCCCeELz2hGwbR+LzhXuJCG5quAqYkfFW/TwdEw=\nAllowedIPs = 10.1.0.0/16, 100.64.0.0/16\nPersistentKeepalive = 25\nEndpoint = 185.206.122.31:5701\n\t",
            "add_wg_access": true,
            "description": null,
            "external_ip": "10.1.2.0/24",
            "external_sk": "gOogVVg/3gYg05Uxe88reNkJVLNTY9ziHJ80ctScNFk=",
            "id": "38ef98ac-38c9-4779-ab02-4fc2566b23e8",
            "ip_range": "10.1.0.0/16",
            "name": "bot_network",
            "node_deployment_id": {
              "13": 7102,
              "14": 7103
            },
            "nodes": [
              13
            ],
            "nodes_ip_range": {
              "13": "10.1.3.0/24",
              "14": "10.1.4.0/24"
            },
            "public_node_id": 14
          },
          "sensitive_attributes": [],
          "private": "bnVsbA=="
        }
      ]
    }
  ]
}
