{
  "version": 4,
  "terraform_version": "1.2.6",
  "serial": 8,
  "lineage": "929e5492-abdc-6ee1-184c-4e2810d243c2",
  "outputs": {
    "public_ip": {
      "value": "185.206.122.46/24",
      "type": "string"
    }
  },
  "resources": [
    {
      "mode": "managed",
      "type": "grid_deployment",
      "name": "BotVmAS",
      "provider": "provider[\"registry.terraform.io/threefoldtech/grid\"]",
      "instances": [
        {
          "schema_version": 0,
          "attributes": {
            "disks": [],
            "id": "7104",
            "ip_range": "10.1.3.0/24",
            "network_name": "bot_network",
            "node": 13,
            "qsfs": [],
            "solution_provider": 0,
            "timeouts": null,
            "vms": [
              {
                "computedip": "185.206.122.46/24",
                "computedip6": "",
                "corex": false,
                "cpu": 2,
                "description": "",
                "entrypoint": "",
                "env_vars": {
                  "SSH_KEY": "ssh-rsa AAAAB3NzaC1yc2EAAAADAQABAAABAQDZq8wcvuCH6y08pgnN2h+hZ9XIyJkfOYcE8DKOxD/i9+Cifj51o+v2iQVXy5kR1HY4OxnCZijqUBfjWh9PZ0Blvg8qZYBHx3N7xV3x8PNiVzPI399L2JQI73QNvdpLSSVu0eSiaiRZuohiX9+9SsIuUPsAiBL1iE6dj0ik10HnaZM99WjNX2Pk2ZnI3CLv/X5SzAEx/aKIdsPlfv19j2PhtbT8Xb4CeYLla6xDvUP/fupoTZTjLPBHWRuzqNtniwoknoljK1P6kRHsFFG85Rg3+BfbiSDqYUWOW4MthMmPjYUotyd+KnTgiaSgEi7ZFN7l/X8FcLCAaFskqJCoqO/b aliasaddik@aliasaddik-VirtualBox"
                },
                "flist": "https://hub.grid.tf/aliasaddik.3bot/aliasaddik-quotebot-latest.flist",
                "flist_checksum": "",
                "ip": "10.1.3.2",
                "memory": 4096,
                "mounts": [],
                "name": "tfgrid_bot",
                "planetary": true,
                "publicip": true,
                "publicip6": false,
                "rootfs_size": 0,
                "ygg_ip": "301:b989:8977:ff23:75f1:42fe:9136:afa8",
                "zlogs": null
              }
            ],
            "zdbs": []
          },
          "sensitive_attributes": [],
          "private": "eyJlMmJmYjczMC1lY2FhLTExZTYtOGY4OC0zNDM2M2JjN2M0YzAiOnsiY3JlYXRlIjoyNzAwMDAwMDAwMDAwfX0=",
          "dependencies": [
            "grid_network.myBotAS"
          ]
        }
      ]
    },
    {
      "mode": "managed",
      "type": "grid_network",
      "name": "myBotAS",
      "provider": "provider[\"registry.terraform.io/threefoldtech/grid\"]",
      "instances": [
        {
          "schema_version": 0,
          "attributes": {
            "access_wg_config": "\n[Interface]\nAddress = 100.64.1.2\nPrivateKey = gOogVVg/3gYg05Uxe88reNkJVLNTY9ziHJ80ctScNFk=\n[Peer]\nPublicKey = DVUbjCCCeELz2hGwbR+LzhXuJCG5quAqYkfFW/TwdEw=\nAllowedIPs = 10.1.0.0/16, 100.64.0.0/16\nPersistentKeepalive = 25\nEndpoint = 185.206.122.31:5701\n\t",
            "add_wg_access": true,
            "description": null,
            "external_ip": "10.1.2.0/24",
            "external_sk": "gOogVVg/3gYg05Uxe88reNkJVLNTY9ziHJ80ctScNFk=",
            "id": "38ef98ac-38c9-4779-ab02-4fc2566b23e8",
            "ip_range": "10.1.0.0/16",
            "name": "bot_network",
            "node_deployment_id": {
              "13": 7102,
              "14": 7103
            },
            "nodes": [
              13
            ],
            "nodes_ip_range": {
              "13": "10.1.3.0/24",
              "14": "10.1.4.0/24"
            },
            "public_node_id": 14
          },
          "sensitive_attributes": [],
          "private": "bnVsbA=="
        }
      ]
    }
  ]
}
